{
  "nodes": {
    "flake-utils": {
      "locked": {
        "lastModified": 1676283394,
        "narHash": "sha256-XX2f9c3iySLCw54rJ/CZs+ZK6IQy7GXNY4nSOyu2QG4=",
        "owner": "numtide",
        "repo": "flake-utils",
        "rev": "3db36a8b464d0c4532ba1c7dda728f4576d6d073",
        "type": "github"
      },
      "original": {
        "owner": "numtide",
        "repo": "flake-utils",
        "type": "github"
      }
    },
    "latex-utils": {
      "inputs": {
        "flake-utils": [
          "flake-utils"
        ],
        "nixpkgs": [
          "nixpkgs"
        ]
      },
      "locked": {
        "lastModified": 1677400305,
        "narHash": "sha256-Rv9LbQs47XvwriaaXx9hnJ3ls7UqcniyyVU9SypzXwM=",
        "owner": "jmmaloney4",
        "repo": "latex-utils",
        "rev": "f5e80942371a50f6f9b0394bc1e8875f19dc0ff5",
        "type": "github"
      },
      "original": {
        "owner": "jmmaloney4",
        "repo": "latex-utils",
        "type": "github"
      }
    },
    "nixpkgs": {
      "locked": {
        "lastModified": 1677447818,
        "narHash": "sha256-dgXEUbz2hgaJL4xCD/5JLhA36UJOhP4qn7Cp6UZhB0I=",
        "owner": "NixOS",
        "repo": "nixpkgs",
        "rev": "8bd260eb578e3fea6bce158b24c93ab158d031e7",
        "type": "github"
      },
      "original": {
        "owner": "NixOS",
        "ref": "nixos-22.11",
        "repo": "nixpkgs",
        "type": "github"
      }
    },
    "root": {
      "inputs": {
        "flake-utils": "flake-utils",
        "latex-utils": "latex-utils",
        "nixpkgs": "nixpkgs"
      }
    }
  },
  "root": "root",
  "version": 7
}
